
Microsoft Visual Studio Solution File, Format Version 12.00
Project("{FAE04EC0-301F-11D3-BF4B-00C04F79EFBC}") = "WebApi", "WebApi\WebApi.csproj", "{C30A89F9-0D7E-4652-8A1B-EC22DAC48D57}"
EndProject
Project("{FAE04EC0-301F-11D3-BF4B-00C04F79EFBC}") = "WebApi.Tests", "WebApi.Tests\WebApi.Tests.csproj", "{56C7327F-1508-4990-A976-403FC2FFE62C}"
EndProject
Global
	GlobalSection(SolutionConfigurationPlatforms) = preSolution
		Debug|Any CPU = Debug|Any CPU
		Release|Any CPU = Release|Any CPU
	EndGlobalSection
	GlobalSection(ProjectConfigurationPlatforms) = postSolution
		{C30A89F9-0D7E-4652-8A1B-EC22DAC48D57}.Debug|Any CPU.ActiveCfg = Debug|Any CPU
		{C30A89F9-0D7E-4652-8A1B-EC22DAC48D57}.Debug|Any CPU.Build.0 = Debug|Any CPU
		{C30A89F9-0D7E-4652-8A1B-EC22DAC48D57}.Release|Any CPU.ActiveCfg = Release|Any CPU
		{C30A89F9-0D7E-4652-8A1B-EC22DAC48D57}.Release|Any CPU.Build.0 = Release|Any CPU
		{56C7327F-1508-4990-A976-403FC2FFE62C}.Debug|Any CPU.ActiveCfg = Debug|Any CPU
		{56C7327F-1508-4990-A976-403FC2FFE62C}.Debug|Any CPU.Build.0 = Debug|Any CPU
		{56C7327F-1508-4990-A976-403FC2FFE62C}.Release|Any CPU.ActiveCfg = Release|Any CPU
		{56C7327F-1508-4990-A976-403FC2FFE62C}.Release|Any CPU.Build.0 = Release|Any CPU
	EndGlobalSection
EndGlobal
